// !$*UTF8*$!
{
	archiveVersion = 1;
	classes = {
	};
	objectVersion = 46;
	objects = {

/* Begin PBXBuildFile section */
		04A5F4DA1E478C580003AFC9 /* fast.mp4 in Resources */ = {isa = PBXBuildFile; fileRef = 04A5F4D51E478C580003AFC9 /* fast.mp4 */; };
		04A5F4DC1E478C580003AFC9 /* normal.mp4 in Resources */ = {isa = PBXBuildFile; fileRef = 04A5F4D71E478C580003AFC9 /* normal.mp4 */; };
		04A5F4DE1E478C580003AFC9 /* slow00.mp4 in Resources */ = {isa = PBXBuildFile; fileRef = 04A5F4D91E478C580003AFC9 /* slow00.mp4 */; };
		3F3C9020DD202D7096CCA9AD /* Pods_Fireplay.framework in Frameworks */ = {isa = PBXBuildFile; fileRef = 6B910CC4CA2BD0373F054473 /* Pods_Fireplay.framework */; };
		3F62EB901E306CD600B2D659 /* firecrack.mp3 in Resources */ = {isa = PBXBuildFile; fileRef = 3F62EB8F1E306CD600B2D659 /* firecrack.mp3 */; };
		3FD3F28F1E35D1FB00B74A84 /* Crashlytics.framework in Frameworks */ = {isa = PBXBuildFile; fileRef = 3FD3F28D1E35D1FB00B74A84 /* Crashlytics.framework */; };
		3FD3F2901E35D1FB00B74A84 /* Fabric.framework in Frameworks */ = {isa = PBXBuildFile; fileRef = 3FD3F28E1E35D1FB00B74A84 /* Fabric.framework */; };
		3FE88CCD1E2F34CE0044F19A /* AppDelegate.swift in Sources */ = {isa = PBXBuildFile; fileRef = 3FE88CCC1E2F34CE0044F19A /* AppDelegate.swift */; };
		3FE88CCF1E2F34CE0044F19A /* ViewController.swift in Sources */ = {isa = PBXBuildFile; fileRef = 3FE88CCE1E2F34CE0044F19A /* ViewController.swift */; };
		3FE88CD21E2F34CE0044F19A /* Main.storyboard in Resources */ = {isa = PBXBuildFile; fileRef = 3FE88CD01E2F34CE0044F19A /* Main.storyboard */; };
		3FE88CD41E2F34CE0044F19A /* Assets.xcassets in Resources */ = {isa = PBXBuildFile; fileRef = 3FE88CD31E2F34CE0044F19A /* Assets.xcassets */; };
		3FE88CD71E2F34CE0044F19A /* LaunchScreen.storyboard in Resources */ = {isa = PBXBuildFile; fileRef = 3FE88CD51E2F34CE0044F19A /* LaunchScreen.storyboard */; };
		3FE88CE21E2F34CE0044F19A /* firecrackTests.swift in Sources */ = {isa = PBXBuildFile; fileRef = 3FE88CE11E2F34CE0044F19A /* firecrackTests.swift */; };
		3FE88CED1E2F34CE0044F19A /* firecrackUITests.swift in Sources */ = {isa = PBXBuildFile; fileRef = 3FE88CEC1E2F34CE0044F19A /* firecrackUITests.swift */; };
/* End PBXBuildFile section */

/* Begin PBXContainerItemProxy section */
		3FE88CDE1E2F34CE0044F19A /* PBXContainerItemProxy */ = {
			isa = PBXContainerItemProxy;
			containerPortal = 3FE88CC11E2F34CE0044F19A /* Project object */;
			proxyType = 1;
			remoteGlobalIDString = 3FE88CC81E2F34CE0044F19A;
			remoteInfo = firecrack;
		};
		3FE88CE91E2F34CE0044F19A /* PBXContainerItemProxy */ = {
			isa = PBXContainerItemProxy;
			containerPortal = 3FE88CC11E2F34CE0044F19A /* Project object */;
			proxyType = 1;
			remoteGlobalIDString = 3FE88CC81E2F34CE0044F19A;
			remoteInfo = firecrack;
		};
/* End PBXContainerItemProxy section */

/* Begin PBXFileReference section */
		04A5F4D51E478C580003AFC9 /* fast.mp4 */ = {isa = PBXFileReference; lastKnownFileType = file; path = fast.mp4; sourceTree = "<group>"; };
		04A5F4D71E478C580003AFC9 /* normal.mp4 */ = {isa = PBXFileReference; lastKnownFileType = file; path = normal.mp4; sourceTree = "<group>"; };
		04A5F4D91E478C580003AFC9 /* slow00.mp4 */ = {isa = PBXFileReference; lastKnownFileType = file; path = slow00.mp4; sourceTree = "<group>"; };
		3BA6C3EA07987637CF0D1EE2 /* Pods-Fireplay.debug.xcconfig */ = {isa = PBXFileReference; includeInIndex = 1; lastKnownFileType = text.xcconfig; name = "Pods-Fireplay.debug.xcconfig"; path = "Pods/Target Support Files/Pods-Fireplay/Pods-Fireplay.debug.xcconfig"; sourceTree = "<group>"; };
		3F62EB8F1E306CD600B2D659 /* firecrack.mp3 */ = {isa = PBXFileReference; lastKnownFileType = audio.mp3; path = firecrack.mp3; sourceTree = "<group>"; };
		3FD33DE51E2F4EB200B6FFEA /* firecrack.entitlements */ = {isa = PBXFileReference; lastKnownFileType = text.plist.entitlements; path = firecrack.entitlements; sourceTree = "<group>"; };
		3FD3F28D1E35D1FB00B74A84 /* Crashlytics.framework */ = {isa = PBXFileReference; lastKnownFileType = wrapper.framework; path = Crashlytics.framework; sourceTree = "<group>"; };
		3FD3F28E1E35D1FB00B74A84 /* Fabric.framework */ = {isa = PBXFileReference; lastKnownFileType = wrapper.framework; path = Fabric.framework; sourceTree = "<group>"; };
		3FE88CC91E2F34CE0044F19A /* Fireplay.app */ = {isa = PBXFileReference; explicitFileType = wrapper.application; includeInIndex = 0; path = Fireplay.app; sourceTree = BUILT_PRODUCTS_DIR; };
		3FE88CCC1E2F34CE0044F19A /* AppDelegate.swift */ = {isa = PBXFileReference; lastKnownFileType = sourcecode.swift; path = AppDelegate.swift; sourceTree = "<group>"; };
		3FE88CCE1E2F34CE0044F19A /* ViewController.swift */ = {isa = PBXFileReference; lastKnownFileType = sourcecode.swift; path = ViewController.swift; sourceTree = "<group>"; };
		3FE88CD11E2F34CE0044F19A /* Base */ = {isa = PBXFileReference; lastKnownFileType = file.storyboard; name = Base; path = Base.lproj/Main.storyboard; sourceTree = "<group>"; };
		3FE88CD31E2F34CE0044F19A /* Assets.xcassets */ = {isa = PBXFileReference; lastKnownFileType = folder.assetcatalog; path = Assets.xcassets; sourceTree = "<group>"; };
		3FE88CD61E2F34CE0044F19A /* Base */ = {isa = PBXFileReference; lastKnownFileType = file.storyboard; name = Base; path = Base.lproj/LaunchScreen.storyboard; sourceTree = "<group>"; };
		3FE88CD81E2F34CE0044F19A /* Info.plist */ = {isa = PBXFileReference; lastKnownFileType = text.plist.xml; path = Info.plist; sourceTree = "<group>"; };
		3FE88CDD1E2F34CE0044F19A /* firecrackTests.xctest */ = {isa = PBXFileReference; explicitFileType = wrapper.cfbundle; includeInIndex = 0; path = firecrackTests.xctest; sourceTree = BUILT_PRODUCTS_DIR; };
		3FE88CE11E2F34CE0044F19A /* firecrackTests.swift */ = {isa = PBXFileReference; lastKnownFileType = sourcecode.swift; path = firecrackTests.swift; sourceTree = "<group>"; };
		3FE88CE31E2F34CE0044F19A /* Info.plist */ = {isa = PBXFileReference; lastKnownFileType = text.plist.xml; path = Info.plist; sourceTree = "<group>"; };
		3FE88CE81E2F34CE0044F19A /* firecrackUITests.xctest */ = {isa = PBXFileReference; explicitFileType = wrapper.cfbundle; includeInIndex = 0; path = firecrackUITests.xctest; sourceTree = BUILT_PRODUCTS_DIR; };
		3FE88CEC1E2F34CE0044F19A /* firecrackUITests.swift */ = {isa = PBXFileReference; lastKnownFileType = sourcecode.swift; path = firecrackUITests.swift; sourceTree = "<group>"; };
		3FE88CEE1E2F34CE0044F19A /* Info.plist */ = {isa = PBXFileReference; lastKnownFileType = text.plist.xml; path = Info.plist; sourceTree = "<group>"; };
		6B910CC4CA2BD0373F054473 /* Pods_Fireplay.framework */ = {isa = PBXFileReference; explicitFileType = wrapper.framework; includeInIndex = 0; path = Pods_Fireplay.framework; sourceTree = BUILT_PRODUCTS_DIR; };
		D0EF07382C8C103F1A7BABF8 /* Pods-Fireplay.release.xcconfig */ = {isa = PBXFileReference; includeInIndex = 1; lastKnownFileType = text.xcconfig; name = "Pods-Fireplay.release.xcconfig"; path = "Pods/Target Support Files/Pods-Fireplay/Pods-Fireplay.release.xcconfig"; sourceTree = "<group>"; };
/* End PBXFileReference section */

/* Begin PBXFrameworksBuildPhase section */
		3FE88CC61E2F34CE0044F19A /* Frameworks */ = {
			isa = PBXFrameworksBuildPhase;
			buildActionMask = 2147483647;
			files = (
				3FD3F28F1E35D1FB00B74A84 /* Crashlytics.framework in Frameworks */,
				3FD3F2901E35D1FB00B74A84 /* Fabric.framework in Frameworks */,
				3F3C9020DD202D7096CCA9AD /* Pods_Fireplay.framework in Frameworks */,
			);
			runOnlyForDeploymentPostprocessing = 0;
		};
		3FE88CDA1E2F34CE0044F19A /* Frameworks */ = {
			isa = PBXFrameworksBuildPhase;
			buildActionMask = 2147483647;
			files = (
			);
			runOnlyForDeploymentPostprocessing = 0;
		};
		3FE88CE51E2F34CE0044F19A /* Frameworks */ = {
			isa = PBXFrameworksBuildPhase;
			buildActionMask = 2147483647;
			files = (
			);
			runOnlyForDeploymentPostprocessing = 0;
		};
/* End PBXFrameworksBuildPhase section */

/* Begin PBXGroup section */
		3FE88CC01E2F34CE0044F19A = {
			isa = PBXGroup;
			children = (
				3FD3F28D1E35D1FB00B74A84 /* Crashlytics.framework */,
				3FD3F28E1E35D1FB00B74A84 /* Fabric.framework */,
				3FE88CCB1E2F34CE0044F19A /* firecrack */,
				3FE88CE01E2F34CE0044F19A /* firecrackTests */,
				3FE88CEB1E2F34CE0044F19A /* firecrackUITests */,
				3FE88CCA1E2F34CE0044F19A /* Products */,
				71E2C609F9EE1723AD0A5441 /* Pods */,
				A98F3AD8899F93ED9EB91784 /* Frameworks */,
			);
			sourceTree = "<group>";
		};
		3FE88CCA1E2F34CE0044F19A /* Products */ = {
			isa = PBXGroup;
			children = (
				3FE88CC91E2F34CE0044F19A /* Fireplay.app */,
				3FE88CDD1E2F34CE0044F19A /* firecrackTests.xctest */,
				3FE88CE81E2F34CE0044F19A /* firecrackUITests.xctest */,
			);
			name = Products;
			sourceTree = "<group>";
		};
		3FE88CCB1E2F34CE0044F19A /* firecrack */ = {
			isa = PBXGroup;
			children = (
				04A5F4D51E478C580003AFC9 /* fast.mp4 */,
				04A5F4D71E478C580003AFC9 /* normal.mp4 */,
				04A5F4D91E478C580003AFC9 /* slow00.mp4 */,
				3FD33DE51E2F4EB200B6FFEA /* firecrack.entitlements */,
				3FE88CCC1E2F34CE0044F19A /* AppDelegate.swift */,
				3FE88CCE1E2F34CE0044F19A /* ViewController.swift */,
				3FE88CD01E2F34CE0044F19A /* Main.storyboard */,
				3FE88CD31E2F34CE0044F19A /* Assets.xcassets */,
				3F62EB8F1E306CD600B2D659 /* firecrack.mp3 */,
				3FE88CD51E2F34CE0044F19A /* LaunchScreen.storyboard */,
				3FE88CD81E2F34CE0044F19A /* Info.plist */,
			);
			path = firecrack;
			sourceTree = "<group>";
		};
		3FE88CE01E2F34CE0044F19A /* firecrackTests */ = {
			isa = PBXGroup;
			children = (
				3FE88CE11E2F34CE0044F19A /* firecrackTests.swift */,
				3FE88CE31E2F34CE0044F19A /* Info.plist */,
			);
			path = firecrackTests;
			sourceTree = "<group>";
		};
		3FE88CEB1E2F34CE0044F19A /* firecrackUITests */ = {
			isa = PBXGroup;
			children = (
				3FE88CEC1E2F34CE0044F19A /* firecrackUITests.swift */,
				3FE88CEE1E2F34CE0044F19A /* Info.plist */,
			);
			path = firecrackUITests;
			sourceTree = "<group>";
		};
		71E2C609F9EE1723AD0A5441 /* Pods */ = {
			isa = PBXGroup;
			children = (
				3BA6C3EA07987637CF0D1EE2 /* Pods-Fireplay.debug.xcconfig */,
				D0EF07382C8C103F1A7BABF8 /* Pods-Fireplay.release.xcconfig */,
			);
			name = Pods;
			sourceTree = "<group>";
		};
		A98F3AD8899F93ED9EB91784 /* Frameworks */ = {
			isa = PBXGroup;
			children = (
				6B910CC4CA2BD0373F054473 /* Pods_Fireplay.framework */,
			);
			name = Frameworks;
			sourceTree = "<group>";
		};
/* End PBXGroup section */

/* Begin PBXNativeTarget section */
		3FE88CC81E2F34CE0044F19A /* Fireplay */ = {
			isa = PBXNativeTarget;
			buildConfigurationList = 3FE88CF11E2F34CE0044F19A /* Build configuration list for PBXNativeTarget "Fireplay" */;
			buildPhases = (
				E8F6D83294B1B0EE4EC01924 /* [CP] Check Pods Manifest.lock */,
				3FE88CC51E2F34CE0044F19A /* Sources */,
				3FE88CC61E2F34CE0044F19A /* Frameworks */,
				3FE88CC71E2F34CE0044F19A /* Resources */,
				3FD3F2911E35D21B00B74A84 /* ShellScript */,
				08858E7A5B848C614B708422 /* [CP] Embed Pods Frameworks */,
				469B359AD92D5815CC1F3B5B /* [CP] Copy Pods Resources */,
			);
			buildRules = (
			);
			dependencies = (
			);
			name = Fireplay;
			productName = firecrack;
			productReference = 3FE88CC91E2F34CE0044F19A /* Fireplay.app */;
			productType = "com.apple.product-type.application";
		};
		3FE88CDC1E2F34CE0044F19A /* firecrackTests */ = {
			isa = PBXNativeTarget;
			buildConfigurationList = 3FE88CF41E2F34CE0044F19A /* Build configuration list for PBXNativeTarget "firecrackTests" */;
			buildPhases = (
				3FE88CD91E2F34CE0044F19A /* Sources */,
				3FE88CDA1E2F34CE0044F19A /* Frameworks */,
				3FE88CDB1E2F34CE0044F19A /* Resources */,
			);
			buildRules = (
			);
			dependencies = (
				3FE88CDF1E2F34CE0044F19A /* PBXTargetDependency */,
			);
			name = firecrackTests;
			productName = firecrackTests;
			productReference = 3FE88CDD1E2F34CE0044F19A /* firecrackTests.xctest */;
			productType = "com.apple.product-type.bundle.unit-test";
		};
		3FE88CE71E2F34CE0044F19A /* firecrackUITests */ = {
			isa = PBXNativeTarget;
			buildConfigurationList = 3FE88CF71E2F34CE0044F19A /* Build configuration list for PBXNativeTarget "firecrackUITests" */;
			buildPhases = (
				3FE88CE41E2F34CE0044F19A /* Sources */,
				3FE88CE51E2F34CE0044F19A /* Frameworks */,
				3FE88CE61E2F34CE0044F19A /* Resources */,
			);
			buildRules = (
			);
			dependencies = (
				3FE88CEA1E2F34CE0044F19A /* PBXTargetDependency */,
			);
			name = firecrackUITests;
			productName = firecrackUITests;
			productReference = 3FE88CE81E2F34CE0044F19A /* firecrackUITests.xctest */;
			productType = "com.apple.product-type.bundle.ui-testing";
		};
/* End PBXNativeTarget section */

/* Begin PBXProject section */
		3FE88CC11E2F34CE0044F19A /* Project object */ = {
			isa = PBXProject;
			attributes = {
				LastSwiftUpdateCheck = 0820;
				LastUpgradeCheck = 0820;
				ORGANIZATIONNAME = Paramesh;
				TargetAttributes = {
					3FE88CC81E2F34CE0044F19A = {
						CreatedOnToolsVersion = 8.2.1;
						DevelopmentTeam = XSJRRDKMW9;
						ProvisioningStyle = Automatic;
						SystemCapabilities = {
							com.apple.BackgroundModes = {
								enabled = 1;
							};
							com.apple.InterAppAudio = {
								enabled = 0;
							};
						};
					};
					3FE88CDC1E2F34CE0044F19A = {
						CreatedOnToolsVersion = 8.2.1;
						DevelopmentTeam = XSJRRDKMW9;
						ProvisioningStyle = Automatic;
						TestTargetID = 3FE88CC81E2F34CE0044F19A;
					};
					3FE88CE71E2F34CE0044F19A = {
						CreatedOnToolsVersion = 8.2.1;
						DevelopmentTeam = XSJRRDKMW9;
						ProvisioningStyle = Automatic;
						TestTargetID = 3FE88CC81E2F34CE0044F19A;
					};
				};
			};
			buildConfigurationList = 3FE88CC41E2F34CE0044F19A /* Build configuration list for PBXProject "Fireplay" */;
			compatibilityVersion = "Xcode 3.2";
			developmentRegion = English;
			hasScannedForEncodings = 0;
			knownRegions = (
				en,
				Base,
			);
			mainGroup = 3FE88CC01E2F34CE0044F19A;
			productRefGroup = 3FE88CCA1E2F34CE0044F19A /* Products */;
			projectDirPath = "";
			projectRoot = "";
			targets = (
				3FE88CC81E2F34CE0044F19A /* Fireplay */,
				3FE88CDC1E2F34CE0044F19A /* firecrackTests */,
				3FE88CE71E2F34CE0044F19A /* firecrackUITests */,
			);
		};
/* End PBXProject section */

/* Begin PBXResourcesBuildPhase section */
		3FE88CC71E2F34CE0044F19A /* Resources */ = {
			isa = PBXResourcesBuildPhase;
			buildActionMask = 2147483647;
			files = (
				3FE88CD71E2F34CE0044F19A /* LaunchScreen.storyboard in Resources */,
				04A5F4DC1E478C580003AFC9 /* normal.mp4 in Resources */,
				04A5F4DA1E478C580003AFC9 /* fast.mp4 in Resources */,
				04A5F4DE1E478C580003AFC9 /* slow00.mp4 in Resources */,
				3F62EB901E306CD600B2D659 /* firecrack.mp3 in Resources */,
				3FE88CD41E2F34CE0044F19A /* Assets.xcassets in Resources */,
				3FE88CD21E2F34CE0044F19A /* Main.storyboard in Resources */,
			);
			runOnlyForDeploymentPostprocessing = 0;
		};
		3FE88CDB1E2F34CE0044F19A /* Resources */ = {
			isa = PBXResourcesBuildPhase;
			buildActionMask = 2147483647;
			files = (
			);
			runOnlyForDeploymentPostprocessing = 0;
		};
		3FE88CE61E2F34CE0044F19A /* Resources */ = {
			isa = PBXResourcesBuildPhase;
			buildActionMask = 2147483647;
			files = (
			);
			runOnlyForDeploymentPostprocessing = 0;
		};
/* End PBXResourcesBuildPhase section */

/* Begin PBXShellScriptBuildPhase section */
		08858E7A5B848C614B708422 /* [CP] Embed Pods Frameworks */ = {
			isa = PBXShellScriptBuildPhase;
			buildActionMask = 2147483647;
			files = (
			);
			inputPaths = (
			);
			name = "[CP] Embed Pods Frameworks";
			outputPaths = (
			);
			runOnlyForDeploymentPostprocessing = 0;
			shellPath = /bin/sh;
			shellScript = "\"${SRCROOT}/Pods/Target Support Files/Pods-Fireplay/Pods-Fireplay-frameworks.sh\"\n";
			showEnvVarsInLog = 0;
		};
		3FD3F2911E35D21B00B74A84 /* ShellScript */ = {
			isa = PBXShellScriptBuildPhase;
			buildActionMask = 2147483647;
			files = (
			);
			inputPaths = (
			);
			outputPaths = (
			);
			runOnlyForDeploymentPostprocessing = 0;
			shellPath = /bin/sh;
			shellScript = "./Fabric.framework/run 096d2916c1c968ecde8fe18920f0457e72de4897 66174dd29c08b8a43cd6044975f51b8aa530aac7a068373c562f75e5884c0c98";
		};
		469B359AD92D5815CC1F3B5B /* [CP] Copy Pods Resources */ = {
			isa = PBXShellScriptBuildPhase;
			buildActionMask = 2147483647;
			files = (
			);
			inputPaths = (
			);
			name = "[CP] Copy Pods Resources";
			outputPaths = (
			);
			runOnlyForDeploymentPostprocessing = 0;
			shellPath = /bin/sh;
			shellScript = "\"${SRCROOT}/Pods/Target Support Files/Pods-Fireplay/Pods-Fireplay-resources.sh\"\n";
			showEnvVarsInLog = 0;
		};
		E8F6D83294B1B0EE4EC01924 /* [CP] Check Pods Manifest.lock */ = {
			isa = PBXShellScriptBuildPhase;
			buildActionMask = 2147483647;
			files = (
			);
			inputPaths = (
			);
			name = "[CP] Check Pods Manifest.lock";
			outputPaths = (
			);
			runOnlyForDeploymentPostprocessing = 0;
			shellPath = /bin/sh;
			shellScript = "diff \"${PODS_ROOT}/../Podfile.lock\" \"${PODS_ROOT}/Manifest.lock\" > /dev/null\nif [ $? != 0 ] ; then\n    # print error to STDERR\n    echo \"error: The sandbox is not in sync with the Podfile.lock. Run 'pod install' or update your CocoaPods installation.\" >&2\n    exit 1\nfi\n";
			showEnvVarsInLog = 0;
		};
/* End PBXShellScriptBuildPhase section */

/* Begin PBXSourcesBuildPhase section */
		3FE88CC51E2F34CE0044F19A /* Sources */ = {
			isa = PBXSourcesBuildPhase;
			buildActionMask = 2147483647;
			files = (
				3FE88CCF1E2F34CE0044F19A /* ViewController.swift in Sources */,
				3FE88CCD1E2F34CE0044F19A /* AppDelegate.swift in Sources */,
			);
			runOnlyForDeploymentPostprocessing = 0;
		};
		3FE88CD91E2F34CE0044F19A /* Sources */ = {
			isa = PBXSourcesBuildPhase;
			buildActionMask = 2147483647;
			files = (
				3FE88CE21E2F34CE0044F19A /* firecrackTests.swift in Sources */,
			);
			runOnlyForDeploymentPostprocessing = 0;
		};
		3FE88CE41E2F34CE0044F19A /* Sources */ = {
			isa = PBXSourcesBuildPhase;
			buildActionMask = 2147483647;
			files = (
				3FE88CED1E2F34CE0044F19A /* firecrackUITests.swift in Sources */,
			);
			runOnlyForDeploymentPostprocessing = 0;
		};
/* End PBXSourcesBuildPhase section */

/* Begin PBXTargetDependency section */
		3FE88CDF1E2F34CE0044F19A /* PBXTargetDependency */ = {
			isa = PBXTargetDependency;
			target = 3FE88CC81E2F34CE0044F19A /* Fireplay */;
			targetProxy = 3FE88CDE1E2F34CE0044F19A /* PBXContainerItemProxy */;
		};
		3FE88CEA1E2F34CE0044F19A /* PBXTargetDependency */ = {
			isa = PBXTargetDependency;
			target = 3FE88CC81E2F34CE0044F19A /* Fireplay */;
			targetProxy = 3FE88CE91E2F34CE0044F19A /* PBXContainerItemProxy */;
		};
/* End PBXTargetDependency section */

/* Begin PBXVariantGroup section */
		3FE88CD01E2F34CE0044F19A /* Main.storyboard */ = {
			isa = PBXVariantGroup;
			children = (
				3FE88CD11E2F34CE0044F19A /* Base */,
			);
			name = Main.storyboard;
			sourceTree = "<group>";
		};
		3FE88CD51E2F34CE0044F19A /* LaunchScreen.storyboard */ = {
			isa = PBXVariantGroup;
			children = (
				3FE88CD61E2F34CE0044F19A /* Base */,
			);
			name = LaunchScreen.storyboard;
			sourceTree = "<group>";
		};
/* End PBXVariantGroup section */

/* Begin XCBuildConfiguration section */
		3FE88CEF1E2F34CE0044F19A /* Debug */ = {
			isa = XCBuildConfiguration;
			buildSettings = {
				ALWAYS_SEARCH_USER_PATHS = NO;
				CLANG_ANALYZER_NONNULL = YES;
				CLANG_CXX_LANGUAGE_STANDARD = "gnu++0x";
				CLANG_CXX_LIBRARY = "libc++";
				CLANG_ENABLE_MODULES = YES;
				CLANG_ENABLE_OBJC_ARC = YES;
				CLANG_WARN_BOOL_CONVERSION = YES;
				CLANG_WARN_CONSTANT_CONVERSION = YES;
				CLANG_WARN_DIRECT_OBJC_ISA_USAGE = YES_ERROR;
				CLANG_WARN_DOCUMENTATION_COMMENTS = YES;
				CLANG_WARN_EMPTY_BODY = YES;
				CLANG_WARN_ENUM_CONVERSION = YES;
				CLANG_WARN_INFINITE_RECURSION = YES;
				CLANG_WARN_INT_CONVERSION = YES;
				CLANG_WARN_OBJC_ROOT_CLASS = YES_ERROR;
				CLANG_WARN_SUSPICIOUS_MOVE = YES;
				CLANG_WARN_UNREACHABLE_CODE = YES;
				CLANG_WARN__DUPLICATE_METHOD_MATCH = YES;
				"CODE_SIGN_IDENTITY[sdk=iphoneos*]" = "iPhone Developer";
				COPY_PHASE_STRIP = NO;
				DEBUG_INFORMATION_FORMAT = dwarf;
				ENABLE_STRICT_OBJC_MSGSEND = YES;
				ENABLE_TESTABILITY = YES;
				GCC_C_LANGUAGE_STANDARD = gnu99;
				GCC_DYNAMIC_NO_PIC = NO;
				GCC_NO_COMMON_BLOCKS = YES;
				GCC_OPTIMIZATION_LEVEL = 0;
				GCC_PREPROCESSOR_DEFINITIONS = (
					"DEBUG=1",
					"$(inherited)",
				);
				GCC_WARN_64_TO_32_BIT_CONVERSION = YES;
				GCC_WARN_ABOUT_RETURN_TYPE = YES_ERROR;
				GCC_WARN_UNDECLARED_SELECTOR = YES;
				GCC_WARN_UNINITIALIZED_AUTOS = YES_AGGRESSIVE;
				GCC_WARN_UNUSED_FUNCTION = YES;
				GCC_WARN_UNUSED_VARIABLE = YES;
				IPHONEOS_DEPLOYMENT_TARGET = 10.2;
				MTL_ENABLE_DEBUG_INFO = YES;
				ONLY_ACTIVE_ARCH = YES;
				SDKROOT = iphoneos;
				SWIFT_ACTIVE_COMPILATION_CONDITIONS = DEBUG;
				SWIFT_OPTIMIZATION_LEVEL = "-Onone";
				TARGETED_DEVICE_FAMILY = "1,2";
			};
			name = Debug;
		};
		3FE88CF01E2F34CE0044F19A /* Release */ = {
			isa = XCBuildConfiguration;
			buildSettings = {
				ALWAYS_SEARCH_USER_PATHS = NO;
				CLANG_ANALYZER_NONNULL = YES;
				CLANG_CXX_LANGUAGE_STANDARD = "gnu++0x";
				CLANG_CXX_LIBRARY = "libc++";
				CLANG_ENABLE_MODULES = YES;
				CLANG_ENABLE_OBJC_ARC = YES;
				CLANG_WARN_BOOL_CONVERSION = YES;
				CLANG_WARN_CONSTANT_CONVERSION = YES;
				CLANG_WARN_DIRECT_OBJC_ISA_USAGE = YES_ERROR;
				CLANG_WARN_DOCUMENTATION_COMMENTS = YES;
				CLANG_WARN_EMPTY_BODY = YES;
				CLANG_WARN_ENUM_CONVERSION = YES;
				CLANG_WARN_INFINITE_RECURSION = YES;
				CLANG_WARN_INT_CONVERSION = YES;
				CLANG_WARN_OBJC_ROOT_CLASS = YES_ERROR;
				CLANG_WARN_SUSPICIOUS_MOVE = YES;
				CLANG_WARN_UNREACHABLE_CODE = YES;
				CLANG_WARN__DUPLICATE_METHOD_MATCH = YES;
				"CODE_SIGN_IDENTITY[sdk=iphoneos*]" = "iPhone Developer";
				COPY_PHASE_STRIP = NO;
				DEBUG_INFORMATION_FORMAT = "dwarf-with-dsym";
				ENABLE_NS_ASSERTIONS = NO;
				ENABLE_STRICT_OBJC_MSGSEND = YES;
				GCC_C_LANGUAGE_STANDARD = gnu99;
				GCC_NO_COMMON_BLOCKS = YES;
				GCC_WARN_64_TO_32_BIT_CONVERSION = YES;
				GCC_WARN_ABOUT_RETURN_TYPE = YES_ERROR;
				GCC_WARN_UNDECLARED_SELECTOR = YES;
				GCC_WARN_UNINITIALIZED_AUTOS = YES_AGGRESSIVE;
				GCC_WARN_UNUSED_FUNCTION = YES;
				GCC_WARN_UNUSED_VARIABLE = YES;
				IPHONEOS_DEPLOYMENT_TARGET = 10.2;
				MTL_ENABLE_DEBUG_INFO = NO;
				SDKROOT = iphoneos;
				SWIFT_OPTIMIZATION_LEVEL = "-Owholemodule";
				TARGETED_DEVICE_FAMILY = "1,2";
				VALIDATE_PRODUCT = YES;
			};
			name = Release;
		};
		3FE88CF21E2F34CE0044F19A /* Debug */ = {
			isa = XCBuildConfiguration;
			baseConfigurationReference = 3BA6C3EA07987637CF0D1EE2 /* Pods-Fireplay.debug.xcconfig */;
			buildSettings = {
				ASSETCATALOG_COMPILER_APPICON_NAME = AppIcon;
				DEVELOPMENT_TEAM = XSJRRDKMW9;
				FRAMEWORK_SEARCH_PATHS = (
					"$(inherited)",
					"$(PROJECT_DIR)",
				);
				INFOPLIST_FILE = firecrack/Info.plist;
				LD_RUNPATH_SEARCH_PATHS = "$(inherited) @executable_path/Frameworks";
				PRODUCT_BUNDLE_IDENTIFIER = com.firecrakling.fireplay;
				PRODUCT_NAME = "$(TARGET_NAME)";
				SWIFT_VERSION = 3.0;
			};
			name = Debug;
		};
		3FE88CF31E2F34CE0044F19A /* Release */ = {
			isa = XCBuildConfiguration;
			baseConfigurationReference = D0EF07382C8C103F1A7BABF8 /* Pods-Fireplay.release.xcconfig */;
			buildSettings = {
				ASSETCATALOG_COMPILER_APPICON_NAME = AppIcon;
				DEVELOPMENT_TEAM = XSJRRDKMW9;
				FRAMEWORK_SEARCH_PATHS = (
					"$(inherited)",
					"$(PROJECT_DIR)",
				);
				INFOPLIST_FILE = firecrack/Info.plist;
				LD_RUNPATH_SEARCH_PATHS = "$(inherited) @executable_path/Frameworks";
				PRODUCT_BUNDLE_IDENTIFIER = com.firecrakling.fireplay;
				PRODUCT_NAME = "$(TARGET_NAME)";
				SWIFT_VERSION = 3.0;
			};
			name = Release;
		};
		3FE88CF51E2F34CE0044F19A /* Debug */ = {
			isa = XCBuildConfiguration;
			buildSettings = {
				ALWAYS_EMBED_SWIFT_STANDARD_LIBRARIES = YES;
				BUNDLE_LOADER = "$(TEST_HOST)";
				DEVELOPMENT_TEAM = XSJRRDKMW9;
				INFOPLIST_FILE = firecrackTests/Info.plist;
				LD_RUNPATH_SEARCH_PATHS = "$(inherited) @executable_path/Frameworks @loader_path/Frameworks";
				PRODUCT_BUNDLE_IDENTIFIER = com.firecrakling.firecrackTests;
				PRODUCT_NAME = "$(TARGET_NAME)";
				SWIFT_VERSION = 3.0;
				TEST_HOST = "$(BUILT_PRODUCTS_DIR)/firecrack.app/firecrack";
			};
			name = Debug;
		};
		3FE88CF61E2F34CE0044F19A /* Release */ = {
			isa = XCBuildConfiguration;
			buildSettings = {
				ALWAYS_EMBED_SWIFT_STANDARD_LIBRARIES = YES;
				BUNDLE_LOADER = "$(TEST_HOST)";
				DEVELOPMENT_TEAM = XSJRRDKMW9;
				INFOPLIST_FILE = firecrackTests/Info.plist;
				LD_RUNPATH_SEARCH_PATHS = "$(inherited) @executable_path/Frameworks @loader_path/Frameworks";
				PRODUCT_BUNDLE_IDENTIFIER = com.firecrakling.firecrackTests;
				PRODUCT_NAME = "$(TARGET_NAME)";
				SWIFT_VERSION = 3.0;
				TEST_HOST = "$(BUILT_PRODUCTS_DIR)/firecrack.app/firecrack";
			};
			name = Release;
		};
		3FE88CF81E2F34CE0044F19A /* Debug */ = {
			isa = XCBuildConfiguration;
			buildSettings = {
				ALWAYS_EMBED_SWIFT_STANDARD_LIBRARIES = YES;
				DEVELOPMENT_TEAM = XSJRRDKMW9;
				INFOPLIST_FILE = firecrackUITests/Info.plist;
				LD_RUNPATH_SEARCH_PATHS = "$(inherited) @executable_path/Frameworks @loader_path/Frameworks";
				PRODUCT_BUNDLE_IDENTIFIER = com.firecrakling.firecrackUITests;
				PRODUCT_NAME = "$(TARGET_NAME)";
				SWIFT_VERSION = 3.0;
				TEST_TARGET_NAME = firecrack;
			};
			name = Debug;
		};
		3FE88CF91E2F34CE0044F19A /* Release */ = {
			isa = XCBuildConfiguration;
			buildSettings = {
				ALWAYS_EMBED_SWIFT_STANDARD_LIBRARIES = YES;
				DEVELOPMENT_TEAM = XSJRRDKMW9;
				INFOPLIST_FILE = firecrackUITests/Info.plist;
				LD_RUNPATH_SEARCH_PATHS = "$(inherited) @executable_path/Frameworks @loader_path/Frameworks";
				PRODUCT_BUNDLE_IDENTIFIER = com.firecrakling.firecrackUITests;
				PRODUCT_NAME = "$(TARGET_NAME)";
				SWIFT_VERSION = 3.0;
				TEST_TARGET_NAME = firecrack;
			};
			name = Release;
		};
/* End XCBuildConfiguration section */

/* Begin XCConfigurationList section */
		3FE88CC41E2F34CE0044F19A /* Build configuration list for PBXProject "Fireplay" */ = {
			isa = XCConfigurationList;
			buildConfigurations = (
				3FE88CEF1E2F34CE0044F19A /* Debug */,
				3FE88CF01E2F34CE0044F19A /* Release */,
			);
			defaultConfigurationIsVisible = 0;
			defaultConfigurationName = Release;
		};
		3FE88CF11E2F34CE0044F19A /* Build configuration list for PBXNativeTarget "Fireplay" */ = {
			isa = XCConfigurationList;
			buildConfigurations = (
				3FE88CF21E2F34CE0044F19A /* Debug */,
				3FE88CF31E2F34CE0044F19A /* Release */,
			);
			defaultConfigurationIsVisible = 0;
			defaultConfigurationName = Release;
		};
		3FE88CF41E2F34CE0044F19A /* Build configuration list for PBXNativeTarget "firecrackTests" */ = {
			isa = XCConfigurationList;
			buildConfigurations = (
				3FE88CF51E2F34CE0044F19A /* Debug */,
				3FE88CF61E2F34CE0044F19A /* Release */,
			);
			defaultConfigurationIsVisible = 0;
			defaultConfigurationName = Release;
		};
		3FE88CF71E2F34CE0044F19A /* Build configuration list for PBXNativeTarget "firecrackUITests" */ = {
			isa = XCConfigurationList;
			buildConfigurations = (
				3FE88CF81E2F34CE0044F19A /* Debug */,
				3FE88CF91E2F34CE0044F19A /* Release */,
			);
			defaultConfigurationIsVisible = 0;
			defaultConfigurationName = Release;
		};
/* End XCConfigurationList section */
	};
	rootObject = 3FE88CC11E2F34CE0044F19A /* Project object */;
}
